
Microsoft Visual Studio Solution File, Format Version 12.00
# Visual Studio 15
VisualStudioVersion = 15.0.28306.52
MinimumVisualStudioVersion = 10.0.40219.1
Project("{FAE04EC0-301F-11D3-BF4B-00C04F79EFBC}") = "Kuber.Api", "Kuber.Api\Kuber.Api.csproj", "{082341AA-2D57-4DB1-9456-25EEE46E0068}"
EndProject
Project("{FAE04EC0-301F-11D3-BF4B-00C04F79EFBC}") = "Kuber.Models", "Kuber.Models\Kuber.Models.csproj", "{E9712EA8-2F4E-40E2-ABCC-9E5B41CE1FCB}"
EndProject
Project("{FAE04EC0-301F-11D3-BF4B-00C04F79EFBC}") = "Kuber.Mvc", "Kuber.Mvc\Kuber.Mvc.csproj", "{3C75428C-7595-46AC-BD27-7C981F37DBCD}"
EndProject
Project("{E53339B2-1760-4266-BCC7-CA923CBCF16C}") = "docker-compose", "docker-compose.dcproj", "{9CE87947-E34A-474B-B4BB-C0B08CF475C2}"
EndProject
Global
	GlobalSection(SolutionConfigurationPlatforms) = preSolution
		Debug|Any CPU = Debug|Any CPU
		Release|Any CPU = Release|Any CPU
	EndGlobalSection
	GlobalSection(ProjectConfigurationPlatforms) = postSolution
		{082341AA-2D57-4DB1-9456-25EEE46E0068}.Debug|Any CPU.ActiveCfg = Debug|Any CPU
		{082341AA-2D57-4DB1-9456-25EEE46E0068}.Debug|Any CPU.Build.0 = Debug|Any CPU
		{082341AA-2D57-4DB1-9456-25EEE46E0068}.Release|Any CPU.ActiveCfg = Release|Any CPU
		{082341AA-2D57-4DB1-9456-25EEE46E0068}.Release|Any CPU.Build.0 = Release|Any CPU
		{E9712EA8-2F4E-40E2-ABCC-9E5B41CE1FCB}.Debug|Any CPU.ActiveCfg = Debug|Any CPU
		{E9712EA8-2F4E-40E2-ABCC-9E5B41CE1FCB}.Debug|Any CPU.Build.0 = Debug|Any CPU
		{E9712EA8-2F4E-40E2-ABCC-9E5B41CE1FCB}.Release|Any CPU.ActiveCfg = Release|Any CPU
		{E9712EA8-2F4E-40E2-ABCC-9E5B41CE1FCB}.Release|Any CPU.Build.0 = Release|Any CPU
		{3C75428C-7595-46AC-BD27-7C981F37DBCD}.Debug|Any CPU.ActiveCfg = Debug|Any CPU
		{3C75428C-7595-46AC-BD27-7C981F37DBCD}.Debug|Any CPU.Build.0 = Debug|Any CPU
		{3C75428C-7595-46AC-BD27-7C981F37DBCD}.Release|Any CPU.ActiveCfg = Release|Any CPU
		{3C75428C-7595-46AC-BD27-7C981F37DBCD}.Release|Any CPU.Build.0 = Release|Any CPU
		{9CE87947-E34A-474B-B4BB-C0B08CF475C2}.Debug|Any CPU.ActiveCfg = Debug|Any CPU
		{9CE87947-E34A-474B-B4BB-C0B08CF475C2}.Debug|Any CPU.Build.0 = Debug|Any CPU
		{9CE87947-E34A-474B-B4BB-C0B08CF475C2}.Release|Any CPU.ActiveCfg = Release|Any CPU
		{9CE87947-E34A-474B-B4BB-C0B08CF475C2}.Release|Any CPU.Build.0 = Release|Any CPU
	EndGlobalSection
	GlobalSection(SolutionProperties) = preSolution
		HideSolutionNode = FALSE
	EndGlobalSection
	GlobalSection(ExtensibilityGlobals) = postSolution
		SolutionGuid = {7A50AADA-0668-4151-B9D8-BB1076CCD9AD}
	EndGlobalSection
EndGlobal
